
Microsoft Visual Studio Solution File, Format Version 12.00
# Visual Studio Version 17
VisualStudioVersion = 17.4.33213.308
MinimumVisualStudioVersion = 10.0.40219.1
Project("{FAE04EC0-301F-11D3-BF4B-00C04F79EFBC}") = "something", "something\something.csproj", "{7F82A445-030E-43A8-B284-EDD813F08116}"
EndProject
Global
	GlobalSection(SolutionConfigurationPlatforms) = preSolution
		Debug|Any CPU = Debug|Any CPU
		Release|Any CPU = Release|Any CPU
	EndGlobalSection
	GlobalSection(ProjectConfigurationPlatforms) = postSolution
		{7F82A445-030E-43A8-B284-EDD813F08116}.Debug|Any CPU.ActiveCfg = Debug|Any CPU
		{7F82A445-030E-43A8-B284-EDD813F08116}.Debug|Any CPU.Build.0 = Debug|Any CPU
		{7F82A445-030E-43A8-B284-EDD813F08116}.Release|Any CPU.ActiveCfg = Release|Any CPU
		{7F82A445-030E-43A8-B284-EDD813F08116}.Release|Any CPU.Build.0 = Release|Any CPU
	EndGlobalSection
	GlobalSection(SolutionProperties) = preSolution
		HideSolutionNode = FALSE
	EndGlobalSection
	GlobalSection(ExtensibilityGlobals) = postSolution
		SolutionGuid = {2C1C0C08-DB02-4B41-8D51-C7D946C530F3}
	EndGlobalSection
EndGlobal
